
Microsoft Visual Studio Solution File, Format Version 12.00
# Visual Studio 2013
VisualStudioVersion = 12.0.30501.0
MinimumVisualStudioVersion = 10.0.40219.1
Project("{2150E333-8FDC-42A3-9474-1A3956D46DE8}") = "Tests", "Tests", "{2E6D211E-9173-4966-B40F-769787BF94C3}"
	ProjectSection(SolutionItems) = preProject
		main.testsettings = main.testsettings
	EndProjectSection
EndProject
Project("{2150E333-8FDC-42A3-9474-1A3956D46DE8}") = ".nuget", ".nuget", "{9429D1CD-273E-4790-A8B3-09CD4CDCB9B2}"
	ProjectSection(SolutionItems) = preProject
		.nuget\NuGet.Config = .nuget\NuGet.Config
		.nuget\NuGet.exe = .nuget\NuGet.exe
		.nuget\NuGet.targets = .nuget\NuGet.targets
	EndProjectSection
EndProject
Project("{2150E333-8FDC-42A3-9474-1A3956D46DE8}") = "Infrastructure", "Infrastructure", "{3098A486-9D99-463C-AB9A-F12189928A95}"
EndProject
Project("{FAE04EC0-301F-11D3-BF4B-00C04F79EFBC}") = "RestaurantApp.Voting.DesktopApp", "RestaurantApp.Voting.DesktopApp\RestaurantApp.Voting.DesktopApp.csproj", "{0139EE2F-E57D-485D-9905-B78140DCC87A}"
EndProject
Project("{FAE04EC0-301F-11D3-BF4B-00C04F79EFBC}") = "RestaurantApp.Voting.Repository", "RestaurantApp.Voting.Repository\RestaurantApp.Voting.Repository.csproj", "{43BF9F32-31DC-4D8C-B919-0847BC8EEE27}"
EndProject
Project("{FAE04EC0-301F-11D3-BF4B-00C04F79EFBC}") = "RestaurantApp.Voting.Business", "RestaurantApp.Voting.Business\RestaurantApp.Voting.Business.csproj", "{674D62EF-8012-4CEB-B055-1249A6D1431C}"
EndProject
Project("{FAE04EC0-301F-11D3-BF4B-00C04F79EFBC}") = "RestaurantApp.Voting.Common", "RestaurantApp.Voting.Common\RestaurantApp.Voting.Common.csproj", "{BD47AAE1-D97C-41DC-883D-423E795FB930}"
EndProject
Project("{FAE04EC0-301F-11D3-BF4B-00C04F79EFBC}") = "RestaurantApp.Voting.AcceptanceTests", "RestaurantApp.Voting.AcceptanceTests\RestaurantApp.Voting.AcceptanceTests.csproj", "{EE2ED748-0E45-4477-ADB5-4C2A031EBEBE}"
EndProject
Project("{FAE04EC0-301F-11D3-BF4B-00C04F79EFBC}") = "Infrastructure.Common", "..\Infrastructure\Infrastructure.Common\Infrastructure.Common.csproj", "{BF04A818-3985-4395-8BAD-76756CD834D9}"
EndProject
Project("{FAE04EC0-301F-11D3-BF4B-00C04F79EFBC}") = "Infrastructure.UI.WinForms", "..\Infrastructure\Infrastructure.UI.WinForms\Infrastructure.UI.WinForms.csproj", "{7D088FD5-7C53-4AC1-917B-1695DEF31690}"
EndProject
Project("{FAE04EC0-301F-11D3-BF4B-00C04F79EFBC}") = "Infrastructure.UI", "..\Infrastructure\Infrastructure.UI\Infrastructure.UI.csproj", "{11487B4E-9A9D-4C83-AB6F-AAE5F5E36FBF}"
EndProject
Global
	GlobalSection(TeamFoundationVersionControl) = preSolution
		SccNumberOfProjects = 9
		SccEnterpriseProvider = {4CA58AB2-18FA-4F8D-95D4-32DDF27D184C}
		SccTeamFoundationServer = https://ahmedalejo.visualstudio.com/defaultcollection
		SccLocalPath0 = .
		SccProjectUniqueName1 = ..\\Infrastructure\\Infrastructure.Common\\Infrastructure.Common.csproj
		SccProjectTopLevelParentUniqueName1 = RestaurantApp.sln
		SccProjectName1 = ../Infrastructure/Infrastructure.Common
		SccLocalPath1 = ..\\Infrastructure\\Infrastructure.Common
		SccProjectUniqueName2 = ..\\Infrastructure\\Infrastructure.UI.WinForms\\Infrastructure.UI.WinForms.csproj
		SccProjectTopLevelParentUniqueName2 = RestaurantApp.sln
		SccProjectName2 = ../Infrastructure/Infrastructure.UI.WinForms
		SccLocalPath2 = ..\\Infrastructure\\Infrastructure.UI.WinForms
		SccProjectUniqueName3 = ..\\Infrastructure\\Infrastructure.UI\\Infrastructure.UI.csproj
		SccProjectTopLevelParentUniqueName3 = RestaurantApp.sln
		SccProjectName3 = ../Infrastructure/Infrastructure.UI
		SccLocalPath3 = ..\\Infrastructure\\Infrastructure.UI
		SccProjectUniqueName4 = RestaurantApp.Voting.AcceptanceTests\\RestaurantApp.Voting.AcceptanceTests.csproj
		SccProjectTopLevelParentUniqueName4 = RestaurantApp.sln
		SccProjectName4 = RestaurantApp.Voting.AcceptanceTests
		SccLocalPath4 = RestaurantApp.Voting.AcceptanceTests
		SccProjectUniqueName5 = RestaurantApp.Voting.Business\\RestaurantApp.Voting.Business.csproj
		SccProjectName5 = RestaurantApp.Voting.Business
		SccLocalPath5 = RestaurantApp.Voting.Business
		SccProjectUniqueName6 = RestaurantApp.Voting.Common\\RestaurantApp.Voting.Common.csproj
		SccProjectName6 = RestaurantApp.Voting.Common
		SccLocalPath6 = RestaurantApp.Voting.Common
		SccProjectUniqueName7 = RestaurantApp.Voting.DesktopApp\\RestaurantApp.Voting.DesktopApp.csproj
		SccProjectName7 = RestaurantApp.Voting.DesktopApp
		SccLocalPath7 = RestaurantApp.Voting.DesktopApp
		SccProjectUniqueName8 = RestaurantApp.Voting.Repository\\RestaurantApp.Voting.Repository.csproj
		SccProjectName8 = RestaurantApp.Voting.Repository
		SccLocalPath8 = RestaurantApp.Voting.Repository
	EndGlobalSection
	GlobalSection(SolutionConfigurationPlatforms) = preSolution
		Debug|Any CPU = Debug|Any CPU
		Release|Any CPU = Release|Any CPU
	EndGlobalSection
	GlobalSection(ProjectConfigurationPlatforms) = postSolution
		{0139EE2F-E57D-485D-9905-B78140DCC87A}.Debug|Any CPU.ActiveCfg = Debug|Any CPU
		{0139EE2F-E57D-485D-9905-B78140DCC87A}.Debug|Any CPU.Build.0 = Debug|Any CPU
		{0139EE2F-E57D-485D-9905-B78140DCC87A}.Release|Any CPU.ActiveCfg = Release|Any CPU
		{0139EE2F-E57D-485D-9905-B78140DCC87A}.Release|Any CPU.Build.0 = Release|Any CPU
		{43BF9F32-31DC-4D8C-B919-0847BC8EEE27}.Debug|Any CPU.ActiveCfg = Debug|Any CPU
		{43BF9F32-31DC-4D8C-B919-0847BC8EEE27}.Debug|Any CPU.Build.0 = Debug|Any CPU
		{43BF9F32-31DC-4D8C-B919-0847BC8EEE27}.Release|Any CPU.ActiveCfg = Release|Any CPU
		{43BF9F32-31DC-4D8C-B919-0847BC8EEE27}.Release|Any CPU.Build.0 = Release|Any CPU
		{674D62EF-8012-4CEB-B055-1249A6D1431C}.Debug|Any CPU.ActiveCfg = Debug|Any CPU
		{674D62EF-8012-4CEB-B055-1249A6D1431C}.Debug|Any CPU.Build.0 = Debug|Any CPU
		{674D62EF-8012-4CEB-B055-1249A6D1431C}.Release|Any CPU.ActiveCfg = Release|Any CPU
		{674D62EF-8012-4CEB-B055-1249A6D1431C}.Release|Any CPU.Build.0 = Release|Any CPU
		{BD47AAE1-D97C-41DC-883D-423E795FB930}.Debug|Any CPU.ActiveCfg = Debug|Any CPU
		{BD47AAE1-D97C-41DC-883D-423E795FB930}.Debug|Any CPU.Build.0 = Debug|Any CPU
		{BD47AAE1-D97C-41DC-883D-423E795FB930}.Release|Any CPU.ActiveCfg = Release|Any CPU
		{BD47AAE1-D97C-41DC-883D-423E795FB930}.Release|Any CPU.Build.0 = Release|Any CPU
		{EE2ED748-0E45-4477-ADB5-4C2A031EBEBE}.Debug|Any CPU.ActiveCfg = Debug|Any CPU
		{EE2ED748-0E45-4477-ADB5-4C2A031EBEBE}.Debug|Any CPU.Build.0 = Debug|Any CPU
		{EE2ED748-0E45-4477-ADB5-4C2A031EBEBE}.Release|Any CPU.ActiveCfg = Release|Any CPU
		{EE2ED748-0E45-4477-ADB5-4C2A031EBEBE}.Release|Any CPU.Build.0 = Release|Any CPU
		{BF04A818-3985-4395-8BAD-76756CD834D9}.Debug|Any CPU.ActiveCfg = Debug|Any CPU
		{BF04A818-3985-4395-8BAD-76756CD834D9}.Debug|Any CPU.Build.0 = Debug|Any CPU
		{BF04A818-3985-4395-8BAD-76756CD834D9}.Release|Any CPU.ActiveCfg = Release|Any CPU
		{BF04A818-3985-4395-8BAD-76756CD834D9}.Release|Any CPU.Build.0 = Release|Any CPU
		{7D088FD5-7C53-4AC1-917B-1695DEF31690}.Debug|Any CPU.ActiveCfg = Debug|Any CPU
		{7D088FD5-7C53-4AC1-917B-1695DEF31690}.Debug|Any CPU.Build.0 = Debug|Any CPU
		{7D088FD5-7C53-4AC1-917B-1695DEF31690}.Release|Any CPU.ActiveCfg = Release|Any CPU
		{7D088FD5-7C53-4AC1-917B-1695DEF31690}.Release|Any CPU.Build.0 = Release|Any CPU
		{11487B4E-9A9D-4C83-AB6F-AAE5F5E36FBF}.Debug|Any CPU.ActiveCfg = Debug|Any CPU
		{11487B4E-9A9D-4C83-AB6F-AAE5F5E36FBF}.Debug|Any CPU.Build.0 = Debug|Any CPU
		{11487B4E-9A9D-4C83-AB6F-AAE5F5E36FBF}.Release|Any CPU.ActiveCfg = Release|Any CPU
		{11487B4E-9A9D-4C83-AB6F-AAE5F5E36FBF}.Release|Any CPU.Build.0 = Release|Any CPU
	EndGlobalSection
	GlobalSection(SolutionProperties) = preSolution
		HideSolutionNode = FALSE
	EndGlobalSection
	GlobalSection(NestedProjects) = preSolution
		{EE2ED748-0E45-4477-ADB5-4C2A031EBEBE} = {2E6D211E-9173-4966-B40F-769787BF94C3}
		{BF04A818-3985-4395-8BAD-76756CD834D9} = {3098A486-9D99-463C-AB9A-F12189928A95}
		{7D088FD5-7C53-4AC1-917B-1695DEF31690} = {3098A486-9D99-463C-AB9A-F12189928A95}
		{11487B4E-9A9D-4C83-AB6F-AAE5F5E36FBF} = {3098A486-9D99-463C-AB9A-F12189928A95}
	EndGlobalSection
EndGlobal
